
Microsoft Visual Studio Solution File, Format Version 12.00
# Visual Studio Version 16
VisualStudioVersion = 16.0.30204.135
MinimumVisualStudioVersion = 10.0.40219.1
Project("{9A19103F-16F7-4668-BE54-9A1E7A4F7556}") = "futureProsHW", "futureProsHW\futureProsHW.csproj", "{6CEAB83E-4702-4FFF-95E4-4053AA2057B8}"
EndProject
Global
	GlobalSection(SolutionConfigurationPlatforms) = preSolution
		Debug|Any CPU = Debug|Any CPU
		Release|Any CPU = Release|Any CPU
	EndGlobalSection
	GlobalSection(ProjectConfigurationPlatforms) = postSolution
		{6CEAB83E-4702-4FFF-95E4-4053AA2057B8}.Debug|Any CPU.ActiveCfg = Debug|Any CPU
		{6CEAB83E-4702-4FFF-95E4-4053AA2057B8}.Debug|Any CPU.Build.0 = Debug|Any CPU
		{6CEAB83E-4702-4FFF-95E4-4053AA2057B8}.Release|Any CPU.ActiveCfg = Release|Any CPU
		{6CEAB83E-4702-4FFF-95E4-4053AA2057B8}.Release|Any CPU.Build.0 = Release|Any CPU
	EndGlobalSection
	GlobalSection(SolutionProperties) = preSolution
		HideSolutionNode = FALSE
	EndGlobalSection
	GlobalSection(ExtensibilityGlobals) = postSolution
		SolutionGuid = {23B003B1-69F0-409F-9116-A371B7EE661A}
	EndGlobalSection
EndGlobal
